
Microsoft Visual Studio Solution File, Format Version 12.00
# Visual Studio Version 17
VisualStudioVersion = 17.4.33027.239
MinimumVisualStudioVersion = 10.0.40219.1
Project("{11A8DD76-328B-46DF-9F39-F559912D0360}") = "ESP32-NF-MQTT-DHT", "ESP32-NF-MQTT-DHT\ESP32-NF-MQTT-DHT.nfproj", "{9B5C80BE-3467-46EA-A281-382352695CFE}"
EndProject
Global
	GlobalSection(SolutionConfigurationPlatforms) = preSolution
		Debug|Any CPU = Debug|Any CPU
		Release|Any CPU = Release|Any CPU
	EndGlobalSection
	GlobalSection(ProjectConfigurationPlatforms) = postSolution
		{9B5C80BE-3467-46EA-A281-382352695CFE}.Debug|Any CPU.ActiveCfg = Debug|Any CPU
		{9B5C80BE-3467-46EA-A281-382352695CFE}.Debug|Any CPU.Build.0 = Debug|Any CPU
		{9B5C80BE-3467-46EA-A281-382352695CFE}.Debug|Any CPU.Deploy.0 = Debug|Any CPU
		{9B5C80BE-3467-46EA-A281-382352695CFE}.Release|Any CPU.ActiveCfg = Release|Any CPU
		{9B5C80BE-3467-46EA-A281-382352695CFE}.Release|Any CPU.Build.0 = Release|Any CPU
		{9B5C80BE-3467-46EA-A281-382352695CFE}.Release|Any CPU.Deploy.0 = Release|Any CPU
	EndGlobalSection
	GlobalSection(SolutionProperties) = preSolution
		HideSolutionNode = FALSE
	EndGlobalSection
	GlobalSection(ExtensibilityGlobals) = postSolution
		SolutionGuid = {0B44C66C-67D1-4A34-99B1-91CDAFD3B1D6}
	EndGlobalSection
EndGlobal
